
Microsoft Visual Studio Solution File, Format Version 12.00
# Visual Studio Version 17
VisualStudioVersion = 17.10.35013.160
MinimumVisualStudioVersion = 10.0.40219.1
Project("{FAE04EC0-301F-11D3-BF4B-00C04F79EFBC}") = "WebApplication1", "WebApplication1.csproj", "{712771D7-3D0D-4F06-89FF-1241AA2A9DF0}"
EndProject
Global
	GlobalSection(SolutionConfigurationPlatforms) = preSolution
		Debug|Any CPU = Debug|Any CPU
		Release|Any CPU = Release|Any CPU
	EndGlobalSection
	GlobalSection(ProjectConfigurationPlatforms) = postSolution
		{712771D7-3D0D-4F06-89FF-1241AA2A9DF0}.Debug|Any CPU.ActiveCfg = Debug|Any CPU
		{712771D7-3D0D-4F06-89FF-1241AA2A9DF0}.Debug|Any CPU.Build.0 = Debug|Any CPU
		{712771D7-3D0D-4F06-89FF-1241AA2A9DF0}.Release|Any CPU.ActiveCfg = Release|Any CPU
		{712771D7-3D0D-4F06-89FF-1241AA2A9DF0}.Release|Any CPU.Build.0 = Release|Any CPU
	EndGlobalSection
	GlobalSection(SolutionProperties) = preSolution
		HideSolutionNode = FALSE
	EndGlobalSection
	GlobalSection(ExtensibilityGlobals) = postSolution
		SolutionGuid = {8FC65C26-DA1B-4BA4-B329-09CD5849032C}
	EndGlobalSection
EndGlobal
